
Microsoft Visual Studio Solution File, Format Version 12.00
# Visual Studio Version 18
VisualStudioVersion = 18.3.11222.16
MinimumVisualStudioVersion = 10.0.40219.1
Project("{FAE04EC0-301F-11D3-BF4B-00C04F79EFBC}") = "EfCore.FastExtensions.SqlServer.Tests", "EfCore.FastExtensions.SqlServer.Tests\EfCore.FastExtensions.SqlServer.Tests.csproj", "{876A51C0-C62D-18D3-7D7D-ADEEE67A5FEC}"
EndProject
Project("{FAE04EC0-301F-11D3-BF4B-00C04F79EFBC}") = "EfCore.FastExtensions.SqlServer", "EfCore.FastExtensions.SqlServer\EfCore.FastExtensions.SqlServer.csproj", "{49FE07EA-0FDB-59C2-8FB8-F86A8F960CD5}"
EndProject
Global
	GlobalSection(SolutionConfigurationPlatforms) = preSolution
		Debug|Any CPU = Debug|Any CPU
		Release|Any CPU = Release|Any CPU
	EndGlobalSection
	GlobalSection(ProjectConfigurationPlatforms) = postSolution
		{876A51C0-C62D-18D3-7D7D-ADEEE67A5FEC}.Debug|Any CPU.ActiveCfg = Debug|Any CPU
		{876A51C0-C62D-18D3-7D7D-ADEEE67A5FEC}.Debug|Any CPU.Build.0 = Debug|Any CPU
		{876A51C0-C62D-18D3-7D7D-ADEEE67A5FEC}.Release|Any CPU.ActiveCfg = Release|Any CPU
		{876A51C0-C62D-18D3-7D7D-ADEEE67A5FEC}.Release|Any CPU.Build.0 = Release|Any CPU
		{49FE07EA-0FDB-59C2-8FB8-F86A8F960CD5}.Debug|Any CPU.ActiveCfg = Debug|Any CPU
		{49FE07EA-0FDB-59C2-8FB8-F86A8F960CD5}.Debug|Any CPU.Build.0 = Debug|Any CPU
		{49FE07EA-0FDB-59C2-8FB8-F86A8F960CD5}.Release|Any CPU.ActiveCfg = Release|Any CPU
		{49FE07EA-0FDB-59C2-8FB8-F86A8F960CD5}.Release|Any CPU.Build.0 = Release|Any CPU
	EndGlobalSection
	GlobalSection(SolutionProperties) = preSolution
		HideSolutionNode = FALSE
	EndGlobalSection
	GlobalSection(ExtensibilityGlobals) = postSolution
		SolutionGuid = {B4AB8E6C-6E33-4E77-B02A-A48D201D0CCE}
	EndGlobalSection
EndGlobal
